
Microsoft Visual Studio Solution File, Format Version 12.00
# Visual Studio Version 16
VisualStudioVersion = 16.0.30320.27
MinimumVisualStudioVersion = 10.0.40219.1
Project("{FAE04EC0-301F-11D3-BF4B-00C04F79EFBC}") = "ServiceLayer", "ServiceLayer\ServiceLayer.csproj", "{FAC01907-7ECE-4E3E-A3C0-A8CB44D921EF}"
EndProject
Project("{FAE04EC0-301F-11D3-BF4B-00C04F79EFBC}") = "BusinessLayer", "BusinessLayer\BusinessLayer.csproj", "{5F3200CF-066B-4CCE-A321-537FBAA516B7}"
EndProject
Global
	GlobalSection(SolutionConfigurationPlatforms) = preSolution
		Debug|Any CPU = Debug|Any CPU
		Release|Any CPU = Release|Any CPU
	EndGlobalSection
	GlobalSection(ProjectConfigurationPlatforms) = postSolution
		{FAC01907-7ECE-4E3E-A3C0-A8CB44D921EF}.Debug|Any CPU.ActiveCfg = Debug|Any CPU
		{FAC01907-7ECE-4E3E-A3C0-A8CB44D921EF}.Debug|Any CPU.Build.0 = Debug|Any CPU
		{FAC01907-7ECE-4E3E-A3C0-A8CB44D921EF}.Release|Any CPU.ActiveCfg = Release|Any CPU
		{FAC01907-7ECE-4E3E-A3C0-A8CB44D921EF}.Release|Any CPU.Build.0 = Release|Any CPU
		{5F3200CF-066B-4CCE-A321-537FBAA516B7}.Debug|Any CPU.ActiveCfg = Debug|Any CPU
		{5F3200CF-066B-4CCE-A321-537FBAA516B7}.Debug|Any CPU.Build.0 = Debug|Any CPU
		{5F3200CF-066B-4CCE-A321-537FBAA516B7}.Release|Any CPU.ActiveCfg = Release|Any CPU
		{5F3200CF-066B-4CCE-A321-537FBAA516B7}.Release|Any CPU.Build.0 = Release|Any CPU
	EndGlobalSection
	GlobalSection(SolutionProperties) = preSolution
		HideSolutionNode = FALSE
	EndGlobalSection
	GlobalSection(ExtensibilityGlobals) = postSolution
		SolutionGuid = {526CB8A2-7127-4FE0-89A9-EA380132099F}
	EndGlobalSection
EndGlobal
